// !$*UTF8*$!
{
	archiveVersion = 1;
	classes = {
	};
	objectVersion = 50;
	objects = {

/* Begin PBXBuildFile section */
		DD99036A2346D6F300E4DA4E /* AppDelegate.swift in Sources */ = {isa = PBXBuildFile; fileRef = DD9903692346D6F300E4DA4E /* AppDelegate.swift */; };
		DD99036C2346D6F300E4DA4E /* SceneDelegate.swift in Sources */ = {isa = PBXBuildFile; fileRef = DD99036B2346D6F300E4DA4E /* SceneDelegate.swift */; };
		DD99036E2346D6F300E4DA4E /* ContentView.swift in Sources */ = {isa = PBXBuildFile; fileRef = DD99036D2346D6F300E4DA4E /* ContentView.swift */; };
		DD9903702346D6F600E4DA4E /* Assets.xcassets in Resources */ = {isa = PBXBuildFile; fileRef = DD99036F2346D6F600E4DA4E /* Assets.xcassets */; };
		DD9903732346D6F600E4DA4E /* Preview Assets.xcassets in Resources */ = {isa = PBXBuildFile; fileRef = DD9903722346D6F600E4DA4E /* Preview Assets.xcassets */; };
		DD9903762346D6F600E4DA4E /* LaunchScreen.storyboard in Resources */ = {isa = PBXBuildFile; fileRef = DD9903742346D6F600E4DA4E /* LaunchScreen.storyboard */; };
		DD9903802346E93200E4DA4E /* Role.swift in Sources */ = {isa = PBXBuildFile; fileRef = DD99037F2346E93200E4DA4E /* Role.swift */; };
		DD9903822346E9DC00E4DA4E /* Data.swift in Sources */ = {isa = PBXBuildFile; fileRef = DD9903812346E9DC00E4DA4E /* Data.swift */; };
/* End PBXBuildFile section */

/* Begin PBXFileReference section */
		DD9903662346D6F300E4DA4E /* PrincessesTableView_SwfitUI.app */ = {isa = PBXFileReference; explicitFileType = wrapper.application; includeInIndex = 0; path = PrincessesTableView_SwfitUI.app; sourceTree = BUILT_PRODUCTS_DIR; };
		DD9903692346D6F300E4DA4E /* AppDelegate.swift */ = {isa = PBXFileReference; lastKnownFileType = sourcecode.swift; path = AppDelegate.swift; sourceTree = "<group>"; };
		DD99036B2346D6F300E4DA4E /* SceneDelegate.swift */ = {isa = PBXFileReference; lastKnownFileType = sourcecode.swift; path = SceneDelegate.swift; sourceTree = "<group>"; };
		DD99036D2346D6F300E4DA4E /* ContentView.swift */ = {isa = PBXFileReference; lastKnownFileType = sourcecode.swift; path = ContentView.swift; sourceTree = "<group>"; };
		DD99036F2346D6F600E4DA4E /* Assets.xcassets */ = {isa = PBXFileReference; lastKnownFileType = folder.assetcatalog; path = Assets.xcassets; sourceTree = "<group>"; };
		DD9903722346D6F600E4DA4E /* Preview Assets.xcassets */ = {isa = PBXFileReference; lastKnownFileType = folder.assetcatalog; path = "Preview Assets.xcassets"; sourceTree = "<group>"; };
		DD9903752346D6F600E4DA4E /* Base */ = {isa = PBXFileReference; lastKnownFileType = file.storyboard; name = Base; path = Base.lproj/LaunchScreen.storyboard; sourceTree = "<group>"; };
		DD9903772346D6F600E4DA4E /* Info.plist */ = {isa = PBXFileReference; lastKnownFileType = text.plist.xml; path = Info.plist; sourceTree = "<group>"; };
		DD99037F2346E93200E4DA4E /* Role.swift */ = {isa = PBXFileReference; lastKnownFileType = sourcecode.swift; path = Role.swift; sourceTree = "<group>"; };
		DD9903812346E9DC00E4DA4E /* Data.swift */ = {isa = PBXFileReference; lastKnownFileType = sourcecode.swift; path = Data.swift; sourceTree = "<group>"; };
/* End PBXFileReference section */

/* Begin PBXFrameworksBuildPhase section */
		DD9903632346D6F300E4DA4E /* Frameworks */ = {
			isa = PBXFrameworksBuildPhase;
			buildActionMask = 2147483647;
			files = (
			);
			runOnlyForDeploymentPostprocessing = 0;
		};
/* End PBXFrameworksBuildPhase section */

/* Begin PBXGroup section */
		DD99035D2346D6F300E4DA4E = {
			isa = PBXGroup;
			children = (
				DD9903682346D6F300E4DA4E /* PrincessesTableView_SwfitUI */,
				DD9903672346D6F300E4DA4E /* Products */,
			);
			sourceTree = "<group>";
		};
		DD9903672346D6F300E4DA4E /* Products */ = {
			isa = PBXGroup;
			children = (
				DD9903662346D6F300E4DA4E /* PrincessesTableView_SwfitUI.app */,
			);
			name = Products;
			sourceTree = "<group>";
		};
		DD9903682346D6F300E4DA4E /* PrincessesTableView_SwfitUI */ = {
			isa = PBXGroup;
			children = (
				DD9903692346D6F300E4DA4E /* AppDelegate.swift */,
				DD99036B2346D6F300E4DA4E /* SceneDelegate.swift */,
				DD99036D2346D6F300E4DA4E /* ContentView.swift */,
				DD99037F2346E93200E4DA4E /* Role.swift */,
				DD9903812346E9DC00E4DA4E /* Data.swift */,
				DD99036F2346D6F600E4DA4E /* Assets.xcassets */,
				DD9903742346D6F600E4DA4E /* LaunchScreen.storyboard */,
				DD9903772346D6F600E4DA4E /* Info.plist */,
				DD9903712346D6F600E4DA4E /* Preview Content */,
			);
			path = PrincessesTableView_SwfitUI;
			sourceTree = "<group>";
		};
		DD9903712346D6F600E4DA4E /* Preview Content */ = {
			isa = PBXGroup;
			children = (
				DD9903722346D6F600E4DA4E /* Preview Assets.xcassets */,
			);
			path = "Preview Content";
			sourceTree = "<group>";
		};
/* End PBXGroup section */

/* Begin PBXNativeTarget section */
		DD9903652346D6F300E4DA4E /* PrincessesTableView_SwfitUI */ = {
			isa = PBXNativeTarget;
			buildConfigurationList = DD99037A2346D6F600E4DA4E /* Build configuration list for PBXNativeTarget "PrincessesTableView_SwfitUI" */;
			buildPhases = (
				DD9903622346D6F300E4DA4E /* Sources */,
				DD9903632346D6F300E4DA4E /* Frameworks */,
				DD9903642346D6F300E4DA4E /* Resources */,
			);
			buildRules = (
			);
			dependencies = (
			);
			name = PrincessesTableView_SwfitUI;
			productName = PrincessesTableView_SwfitUI;
			productReference = DD9903662346D6F300E4DA4E /* PrincessesTableView_SwfitUI.app */;
			productType = "com.apple.product-type.application";
		};
/* End PBXNativeTarget section */

/* Begin PBXProject section */
		DD99035E2346D6F300E4DA4E /* Project object */ = {
			isa = PBXProject;
			attributes = {
				LastSwiftUpdateCheck = 1100;
				LastUpgradeCheck = 1100;
				ORGANIZATIONNAME = "Chang Sophia";
				TargetAttributes = {
					DD9903652346D6F300E4DA4E = {
						CreatedOnToolsVersion = 11.0;
					};
				};
			};
			buildConfigurationList = DD9903612346D6F300E4DA4E /* Build configuration list for PBXProject "PrincessesTableView_SwfitUI" */;
			compatibilityVersion = "Xcode 9.3";
			developmentRegion = en;
			hasScannedForEncodings = 0;
			knownRegions = (
				en,
				Base,
			);
			mainGroup = DD99035D2346D6F300E4DA4E;
			productRefGroup = DD9903672346D6F300E4DA4E /* Products */;
			projectDirPath = "";
			projectRoot = "";
			targets = (
				DD9903652346D6F300E4DA4E /* PrincessesTableView_SwfitUI */,
			);
		};
/* End PBXProject section */

/* Begin PBXResourcesBuildPhase section */
		DD9903642346D6F300E4DA4E /* Resources */ = {
			isa = PBXResourcesBuildPhase;
			buildActionMask = 2147483647;
			files = (
				DD9903762346D6F600E4DA4E /* LaunchScreen.storyboard in Resources */,
				DD9903732346D6F600E4DA4E /* Preview Assets.xcassets in Resources */,
				DD9903702346D6F600E4DA4E /* Assets.xcassets in Resources */,
			);
			runOnlyForDeploymentPostprocessing = 0;
		};
/* End PBXResourcesBuildPhase section */

/* Begin PBXSourcesBuildPhase section */
		DD9903622346D6F300E4DA4E /* Sources */ = {
			isa = PBXSourcesBuildPhase;
			buildActionMask = 2147483647;
			files = (
				DD99036A2346D6F300E4DA4E /* AppDelegate.swift in Sources */,
				DD99036C2346D6F300E4DA4E /* SceneDelegate.swift in Sources */,
				DD9903822346E9DC00E4DA4E /* Data.swift in Sources */,
				DD9903802346E93200E4DA4E /* Role.swift in Sources */,
				DD99036E2346D6F300E4DA4E /* ContentView.swift in Sources */,
			);
			runOnlyForDeploymentPostprocessing = 0;
		};
/* End PBXSourcesBuildPhase section */

/* Begin PBXVariantGroup section */
		DD9903742346D6F600E4DA4E /* LaunchScreen.storyboard */ = {
			isa = PBXVariantGroup;
			children = (
				DD9903752346D6F600E4DA4E /* Base */,
			);
			name = LaunchScreen.storyboard;
			sourceTree = "<group>";
		};
/* End PBXVariantGroup section */

/* Begin XCBuildConfiguration section */
		DD9903782346D6F600E4DA4E /* Debug */ = {
			isa = XCBuildConfiguration;
			buildSettings = {
				ALWAYS_SEARCH_USER_PATHS = NO;
				CLANG_ANALYZER_NONNULL = YES;
				CLANG_ANALYZER_NUMBER_OBJECT_CONVERSION = YES_AGGRESSIVE;
				CLANG_CXX_LANGUAGE_STANDARD = "gnu++14";
				CLANG_CXX_LIBRARY = "libc++";
				CLANG_ENABLE_MODULES = YES;
				CLANG_ENABLE_OBJC_ARC = YES;
				CLANG_ENABLE_OBJC_WEAK = YES;
				CLANG_WARN_BLOCK_CAPTURE_AUTORELEASING = YES;
				CLANG_WARN_BOOL_CONVERSION = YES;
				CLANG_WARN_COMMA = YES;
				CLANG_WARN_CONSTANT_CONVERSION = YES;
				CLANG_WARN_DEPRECATED_OBJC_IMPLEMENTATIONS = YES;
				CLANG_WARN_DIRECT_OBJC_ISA_USAGE = YES_ERROR;
				CLANG_WARN_DOCUMENTATION_COMMENTS = YES;
				CLANG_WARN_EMPTY_BODY = YES;
				CLANG_WARN_ENUM_CONVERSION = YES;
				CLANG_WARN_INFINITE_RECURSION = YES;
				CLANG_WARN_INT_CONVERSION = YES;
				CLANG_WARN_NON_LITERAL_NULL_CONVERSION = YES;
				CLANG_WARN_OBJC_IMPLICIT_RETAIN_SELF = YES;
				CLANG_WARN_OBJC_LITERAL_CONVERSION = YES;
				CLANG_WARN_OBJC_ROOT_CLASS = YES_ERROR;
				CLANG_WARN_RANGE_LOOP_ANALYSIS = YES;
				CLANG_WARN_STRICT_PROTOTYPES = YES;
				CLANG_WARN_SUSPICIOUS_MOVE = YES;
				CLANG_WARN_UNGUARDED_AVAILABILITY = YES_AGGRESSIVE;
				CLANG_WARN_UNREACHABLE_CODE = YES;
				CLANG_WARN__DUPLICATE_METHOD_MATCH = YES;
				COPY_PHASE_STRIP = NO;
				DEBUG_INFORMATION_FORMAT = dwarf;
				ENABLE_STRICT_OBJC_MSGSEND = YES;
				ENABLE_TESTABILITY = YES;
				GCC_C_LANGUAGE_STANDARD = gnu11;
				GCC_DYNAMIC_NO_PIC = NO;
				GCC_NO_COMMON_BLOCKS = YES;
				GCC_OPTIMIZATION_LEVEL = 0;
				GCC_PREPROCESSOR_DEFINITIONS = (
					"DEBUG=1",
					"$(inherited)",
				);
				GCC_WARN_64_TO_32_BIT_CONVERSION = YES;
				GCC_WARN_ABOUT_RETURN_TYPE = YES_ERROR;
				GCC_WARN_UNDECLARED_SELECTOR = YES;
				GCC_WARN_UNINITIALIZED_AUTOS = YES_AGGRESSIVE;
				GCC_WARN_UNUSED_FUNCTION = YES;
				GCC_WARN_UNUSED_VARIABLE = YES;
				IPHONEOS_DEPLOYMENT_TARGET = 13.0;
				MTL_ENABLE_DEBUG_INFO = INCLUDE_SOURCE;
				MTL_FAST_MATH = YES;
				ONLY_ACTIVE_ARCH = YES;
				SDKROOT = iphoneos;
				SWIFT_ACTIVE_COMPILATION_CONDITIONS = DEBUG;
				SWIFT_OPTIMIZATION_LEVEL = "-Onone";
			};
			name = Debug;
		};
		DD9903792346D6F600E4DA4E /* Release */ = {
			isa = XCBuildConfiguration;
			buildSettings = {
				ALWAYS_SEARCH_USER_PATHS = NO;
				CLANG_ANALYZER_NONNULL = YES;
				CLANG_ANALYZER_NUMBER_OBJECT_CONVERSION = YES_AGGRESSIVE;
				CLANG_CXX_LANGUAGE_STANDARD = "gnu++14";
				CLANG_CXX_LIBRARY = "libc++";
				CLANG_ENABLE_MODULES = YES;
				CLANG_ENABLE_OBJC_ARC = YES;
				CLANG_ENABLE_OBJC_WEAK = YES;
				CLANG_WARN_BLOCK_CAPTURE_AUTORELEASING = YES;
				CLANG_WARN_BOOL_CONVERSION = YES;
				CLANG_WARN_COMMA = YES;
				CLANG_WARN_CONSTANT_CONVERSION = YES;
				CLANG_WARN_DEPRECATED_OBJC_IMPLEMENTATIONS = YES;
				CLANG_WARN_DIRECT_OBJC_ISA_USAGE = YES_ERROR;
				CLANG_WARN_DOCUMENTATION_COMMENTS = YES;
				CLANG_WARN_EMPTY_BODY = YES;
				CLANG_WARN_ENUM_CONVERSION = YES;
				CLANG_WARN_INFINITE_RECURSION = YES;
				CLANG_WARN_INT_CONVERSION = YES;
				CLANG_WARN_NON_LITERAL_NULL_CONVERSION = YES;
				CLANG_WARN_OBJC_IMPLICIT_RETAIN_SELF = YES;
				CLANG_WARN_OBJC_LITERAL_CONVERSION = YES;
				CLANG_WARN_OBJC_ROOT_CLASS = YES_ERROR;
				CLANG_WARN_RANGE_LOOP_ANALYSIS = YES;
				CLANG_WARN_STRICT_PROTOTYPES = YES;
				CLANG_WARN_SUSPICIOUS_MOVE = YES;
				CLANG_WARN_UNGUARDED_AVAILABILITY = YES_AGGRESSIVE;
				CLANG_WARN_UNREACHABLE_CODE = YES;
				CLANG_WARN__DUPLICATE_METHOD_MATCH = YES;
				COPY_PHASE_STRIP = NO;
				DEBUG_INFORMATION_FORMAT = "dwarf-with-dsym";
				ENABLE_NS_ASSERTIONS = NO;
				ENABLE_STRICT_OBJC_MSGSEND = YES;
				GCC_C_LANGUAGE_STANDARD = gnu11;
				GCC_NO_COMMON_BLOCKS = YES;
				GCC_WARN_64_TO_32_BIT_CONVERSION = YES;
				GCC_WARN_ABOUT_RETURN_TYPE = YES_ERROR;
				GCC_WARN_UNDECLARED_SELECTOR = YES;
				GCC_WARN_UNINITIALIZED_AUTOS = YES_AGGRESSIVE;
				GCC_WARN_UNUSED_FUNCTION = YES;
				GCC_WARN_UNUSED_VARIABLE = YES;
				IPHONEOS_DEPLOYMENT_TARGET = 13.0;
				MTL_ENABLE_DEBUG_INFO = NO;
				MTL_FAST_MATH = YES;
				SDKROOT = iphoneos;
				SWIFT_COMPILATION_MODE = wholemodule;
				SWIFT_OPTIMIZATION_LEVEL = "-O";
				VALIDATE_PRODUCT = YES;
			};
			name = Release;
		};
		DD99037B2346D6F600E4DA4E /* Debug */ = {
			isa = XCBuildConfiguration;
			buildSettings = {
				ASSETCATALOG_COMPILER_APPICON_NAME = AppIcon;
				CODE_SIGN_STYLE = Automatic;
				DEVELOPMENT_ASSET_PATHS = "\"PrincessesTableView_SwfitUI/Preview Content\"";
				DEVELOPMENT_TEAM = 3M66U64HQ4;
				ENABLE_PREVIEWS = YES;
				INFOPLIST_FILE = PrincessesTableView_SwfitUI/Info.plist;
				LD_RUNPATH_SEARCH_PATHS = (
					"$(inherited)",
					"@executable_path/Frameworks",
				);
				PRODUCT_BUNDLE_IDENTIFIER = "com.gmb728.PrincessesTableView-SwfitUI";
				PRODUCT_NAME = "$(TARGET_NAME)";
				SWIFT_VERSION = 5.0;
				TARGETED_DEVICE_FAMILY = "1,2";
			};
			name = Debug;
		};
		DD99037C2346D6F600E4DA4E /* Release */ = {
			isa = XCBuildConfiguration;
			buildSettings = {
				ASSETCATALOG_COMPILER_APPICON_NAME = AppIcon;
				CODE_SIGN_STYLE = Automatic;
				DEVELOPMENT_ASSET_PATHS = "\"PrincessesTableView_SwfitUI/Preview Content\"";
				DEVELOPMENT_TEAM = 3M66U64HQ4;
				ENABLE_PREVIEWS = YES;
				INFOPLIST_FILE = PrincessesTableView_SwfitUI/Info.plist;
				LD_RUNPATH_SEARCH_PATHS = (
					"$(inherited)",
					"@executable_path/Frameworks",
				);
				PRODUCT_BUNDLE_IDENTIFIER = "com.gmb728.PrincessesTableView-SwfitUI";
				PRODUCT_NAME = "$(TARGET_NAME)";
				SWIFT_VERSION = 5.0;
				TARGETED_DEVICE_FAMILY = "1,2";
			};
			name = Release;
		};
/* End XCBuildConfiguration section */

/* Begin XCConfigurationList section */
		DD9903612346D6F300E4DA4E /* Build configuration list for PBXProject "PrincessesTableView_SwfitUI" */ = {
			isa = XCConfigurationList;
			buildConfigurations = (
				DD9903782346D6F600E4DA4E /* Debug */,
				DD9903792346D6F600E4DA4E /* Release */,
			);
			defaultConfigurationIsVisible = 0;
			defaultConfigurationName = Release;
		};
		DD99037A2346D6F600E4DA4E /* Build configuration list for PBXNativeTarget "PrincessesTableView_SwfitUI" */ = {
			isa = XCConfigurationList;
			buildConfigurations = (
				DD99037B2346D6F600E4DA4E /* Debug */,
				DD99037C2346D6F600E4DA4E /* Release */,
			);
			defaultConfigurationIsVisible = 0;
			defaultConfigurationName = Release;
		};
/* End XCConfigurationList section */
	};
	rootObject = DD99035E2346D6F300E4DA4E /* Project object */;
}
